
Microsoft Visual Studio Solution File, Format Version 12.00
Project("{FAE04EC0-301F-11D3-BF4B-00C04F79EFBC}") = "ExampleConsoleApp", "ExampleConsoleApp\ExampleConsoleApp.csproj", "{7A4675E9-600C-44EF-8D51-E0956B792A76}"
EndProject
Project("{FAE04EC0-301F-11D3-BF4B-00C04F79EFBC}") = "FizzBuzzGenerator", "FizzBuzzGenerator\FizzBuzzGenerator.csproj", "{A4FAD28B-4972-4BFB-A804-3CA6E30FB5E9}"
EndProject
Project("{FAE04EC0-301F-11D3-BF4B-00C04F79EFBC}") = "FizzBuzzGenerator.Tests.Unit", "FizzBuzzGenerator.Tests.Unit\FizzBuzzGenerator.Tests.Unit.csproj", "{371FDA29-11B7-4A54-97C8-F588D7BB83E2}"
EndProject
Global
	GlobalSection(SolutionConfigurationPlatforms) = preSolution
		Debug|Any CPU = Debug|Any CPU
		Release|Any CPU = Release|Any CPU
	EndGlobalSection
	GlobalSection(ProjectConfigurationPlatforms) = postSolution
		{7A4675E9-600C-44EF-8D51-E0956B792A76}.Debug|Any CPU.ActiveCfg = Debug|Any CPU
		{7A4675E9-600C-44EF-8D51-E0956B792A76}.Debug|Any CPU.Build.0 = Debug|Any CPU
		{7A4675E9-600C-44EF-8D51-E0956B792A76}.Release|Any CPU.ActiveCfg = Release|Any CPU
		{7A4675E9-600C-44EF-8D51-E0956B792A76}.Release|Any CPU.Build.0 = Release|Any CPU
		{A4FAD28B-4972-4BFB-A804-3CA6E30FB5E9}.Debug|Any CPU.ActiveCfg = Debug|Any CPU
		{A4FAD28B-4972-4BFB-A804-3CA6E30FB5E9}.Debug|Any CPU.Build.0 = Debug|Any CPU
		{A4FAD28B-4972-4BFB-A804-3CA6E30FB5E9}.Release|Any CPU.ActiveCfg = Release|Any CPU
		{A4FAD28B-4972-4BFB-A804-3CA6E30FB5E9}.Release|Any CPU.Build.0 = Release|Any CPU
		{371FDA29-11B7-4A54-97C8-F588D7BB83E2}.Debug|Any CPU.ActiveCfg = Debug|Any CPU
		{371FDA29-11B7-4A54-97C8-F588D7BB83E2}.Debug|Any CPU.Build.0 = Debug|Any CPU
		{371FDA29-11B7-4A54-97C8-F588D7BB83E2}.Release|Any CPU.ActiveCfg = Release|Any CPU
		{371FDA29-11B7-4A54-97C8-F588D7BB83E2}.Release|Any CPU.Build.0 = Release|Any CPU
	EndGlobalSection
EndGlobal
